<?xml version="1.0" encoding="utf-8"?>
<Project ToolsVersion="4.0" xmlns="http://schemas.microsoft.com/developer/msbuild/2003">
  <ItemGroup>
    <Filter Include="Source Files">
      <UniqueIdentifier>{4FC737F1-C7A5-4376-A066-2A32D752A2FF}</UniqueIdentifier>
      <Extensions>qml;cpp;c;cc;cxx;def;odl;idl;hpj;bat;asm;asmx</Extensions>
    </Filter>
    <Filter Include="Header Files">
      <UniqueIdentifier>{93995380-89BD-4b04-88EB-625FBE52EBFB}</UniqueIdentifier>
      <Extensions>h;hh;hpp;hxx;hm;inl;inc;xsd</Extensions>
    </Filter>
    <Filter Include="Resource Files">
      <UniqueIdentifier>{67DA6AB6-F800-4c08-8B7A-83BB121AAD01}</UniqueIdentifier>
      <Extensions>qrc;rc;ico;cur;bmp;dlg;rc2;rct;bin;rgs;gif;jpg;jpeg;jpe;resx;tiff;tif;png;wav;mfcribbon-ms</Extensions>
    </Filter>
    <Filter Include="Form Files">
      <UniqueIdentifier>{99349809-55BA-4b9d-BF79-8FDBB0286EB3}</UniqueIdentifier>
      <Extensions>ui</Extensions>
    </Filter>
    <Filter Include="Translation Files">
      <UniqueIdentifier>{639EADAA-A684-42e4-A9AD-28FC9BCB8F7C}</UniqueIdentifier>
      <Extensions>ts</Extensions>
    </Filter>
    <Filter Include="Database">
      <UniqueIdentifier>{83f81f09-91a9-4600-b38a-277dd34f705d}</UniqueIdentifier>
    </Filter>
    <Filter Include="Models">
      <UniqueIdentifier>{a41431df-e101-4410-9769-2f614e141795}</UniqueIdentifier>
    </Filter>
    <Filter Include="Utils">
      <UniqueIdentifier>{4c7397c5-0715-499b-a858-fafa9601c8c7}</UniqueIdentifier>
    </Filter>
    <Filter Include="Widgets">
      <UniqueIdentifier>{a971786c-56bf-4f9e-8970-0520783adeb2}</UniqueIdentifier>
    </Filter>
    <Filter Include="Widgets\Custom">
      <UniqueIdentifier>{3106e120-0e07-4afa-94bb-90ca30bfb07f}</UniqueIdentifier>
    </Filter>
  </ItemGroup>
  <ItemGroup>
    <QtRcc Include="MarketAccounting.qrc">
      <Filter>Resource Files</Filter>
    </QtRcc>
    <QtUic Include="MarketAccounting.ui">
      <Filter>Form Files</Filter>
    </QtUic>
    <QtMoc Include="MarketAccounting.h">
      <Filter>Header Files</Filter>
    </QtMoc>
    <ClCompile Include="MarketAccounting.cpp">
      <Filter>Source Files</Filter>
    </ClCompile>
  </ItemGroup>
  <ItemGroup>
    <ClCompile Include="main.cpp">
      <Filter>Source Files</Filter>
    </ClCompile>
    <ClCompile Include="dbmanager.cpp">
      <Filter>Database</Filter>
    </ClCompile>
    <ClCompile Include="supplierspage.cpp">
      <Filter>Widgets</Filter>
    </ClCompile>
    <ClCompile Include="debtspage.cpp">
      <Filter>Widgets</Filter>
    </ClCompile>
    <ClCompile Include="dashboardpage.cpp">
      <Filter>Widgets</Filter>
    </ClCompile>
    <ClCompile Include="styledlineedit.cpp">
      <Filter>Widgets\Custom</Filter>
    </ClCompile>
    <ClCompile Include="styledcombobox.cpp">
      <Filter>Widgets\Custom</Filter>
    </ClCompile>
    <ClCompile Include="cardwidget.cpp">
      <Filter>Widgets\Custom</Filter>
    </ClCompile>
    <ClCompile Include="salespage.cpp">
      <Filter>Widgets</Filter>
    </ClCompile>
    <ClCompile Include="productpage.cpp">
      <Filter>Widgets</Filter>
    </ClCompile>
  </ItemGroup>
  <ItemGroup>
    <ClInclude Include="supplier.h">
      <Filter>Models</Filter>
    </ClInclude>
    <ClInclude Include="product.h">
      <Filter>Models</Filter>
    </ClInclude>
    <ClInclude Include="debt.h">
      <Filter>Models</Filter>
    </ClInclude>
    <ClInclude Include="transaction.h">
      <Filter>Models</Filter>
    </ClInclude>
  </ItemGroup>
  <ItemGroup>
    <QtMoc Include="cardwidget.h">
      <Filter>Widgets\Custom</Filter>
    </QtMoc>
    <QtMoc Include="styledcombobox.h">
      <Filter>Widgets\Custom</Filter>
    </QtMoc>
    <QtMoc Include="styledlineedit.h">
      <Filter>Widgets\Custom</Filter>
    </QtMoc>
    <QtMoc Include="dashboardpage.h">
      <Filter>Widgets</Filter>
    </QtMoc>
    <QtMoc Include="debtspage.h">
      <Filter>Widgets</Filter>
    </QtMoc>
    <QtMoc Include="productspage.h">
      <Filter>Widgets</Filter>
    </QtMoc>
    <QtMoc Include="supplierspage.h">
      <Filter>Widgets</Filter>
    </QtMoc>
    <QtMoc Include="dbmanager.h">
      <Filter>Database</Filter>
    </QtMoc>
    <QtMoc Include="salespage.h">
      <Filter>Widgets</Filter>
    </QtMoc>
  </ItemGroup>
</Project>